{
  "nodes": {
    "flake-parts": {
      "inputs": {
        "nixpkgs-lib": [
          "nixpkgs"
        ]
      },
      "locked": {
        "lastModified": 1706830856,
        "narHash": "sha256-a0NYyp+h9hlb7ddVz4LUn1vT/PLwqfrWYcHMvFB1xYg=",
        "owner": "hercules-ci",
        "repo": "flake-parts",
        "rev": "b253292d9c0a5ead9bc98c4e9a26c6312e27d69f",
        "type": "github"
      },
      "original": {
        "owner": "hercules-ci",
        "repo": "flake-parts",
        "type": "github"
      }
    },
    "home-manager": {
      "inputs": {
        "nixpkgs": [
          "nixpkgs"
        ]
      },
      "locked": {
        "lastModified": 1706981411,
        "narHash": "sha256-cLbLPTL1CDmETVh4p0nQtvoF+FSEjsnJTFpTxhXywhQ=",
        "owner": "nix-community",
        "repo": "home-manager",
        "rev": "652fda4ca6dafeb090943422c34ae9145787af37",
        "type": "github"
      },
      "original": {
        "owner": "nix-community",
        "ref": "release-23.11",
        "repo": "home-manager",
        "type": "github"
      }
    },
    "nixpkgs": {
      "locked": {
        "lastModified": 1708343346,
        "narHash": "sha256-qlzHvterVRzS8fS0ophQpkh0rqw0abijHEOAKm0HmV0=",
        "owner": "nixos",
        "repo": "nixpkgs",
        "rev": "9312b935a538684049cb668885e60f15547d4c5f",
        "type": "github"
      },
      "original": {
        "owner": "nixos",
        "ref": "release-23.11",
        "repo": "nixpkgs",
        "type": "github"
      }
    },
    "nixpkgs-stable": {
      "locked": {
        "lastModified": 1708210246,
        "narHash": "sha256-Q8L9XwrBK53fbuuIFMbjKvoV7ixfLFKLw4yV+SD28Y8=",
        "owner": "NixOS",
        "repo": "nixpkgs",
        "rev": "69405156cffbdf2be50153f13cbdf9a0bea38e49",
        "type": "github"
      },
      "original": {
        "owner": "NixOS",
        "ref": "release-23.11",
        "repo": "nixpkgs",
        "type": "github"
      }
    },
    "nixpkgs_2": {
      "locked": {
        "lastModified": 1708151420,
        "narHash": "sha256-MGT/4aGCWQPQiu6COqJdCj9kSpLPiShgbwpbC38YXC8=",
        "owner": "NixOS",
        "repo": "nixpkgs",
        "rev": "6e2f00c83911461438301db0dba5281197fe4b3a",
        "type": "github"
      },
      "original": {
        "owner": "NixOS",
        "ref": "nixpkgs-unstable",
        "repo": "nixpkgs",
        "type": "github"
      }
    },
    "root": {
      "inputs": {
        "flake-parts": "flake-parts",
        "home-manager": "home-manager",
        "nixpkgs": "nixpkgs",
        "sops-nix": "sops-nix",
        "treefmt-nix": "treefmt-nix"
      }
    },
    "sops-nix": {
      "inputs": {
        "nixpkgs": "nixpkgs_2",
        "nixpkgs-stable": "nixpkgs-stable"
      },
      "locked": {
        "lastModified": 1708225343,
        "narHash": "sha256-Q0uVUOfumc1DcKsIJIfMCHph08MjkOvZxvPb/Vi8hWw=",
        "owner": "Mic92",
        "repo": "sops-nix",
        "rev": "ffed177a9d2c685901781c3c6c9024ae0ffc252b",
        "type": "github"
      },
      "original": {
        "owner": "Mic92",
        "repo": "sops-nix",
        "type": "github"
      }
    },
    "treefmt-nix": {
      "inputs": {
        "nixpkgs": [
          "nixpkgs"
        ]
      },
      "locked": {
        "lastModified": 1706244383,
        "narHash": "sha256-a0b838eZHJXDch2FQdppa0WzqkdXQ1ZCanO3cgk1mGI=",
        "owner": "unionlabs",
        "repo": "treefmt-nix",
        "rev": "2262ef4435b313c0aae1defc6a0b5a952ec7c38b",
        "type": "github"
      },
      "original": {
        "owner": "unionlabs",
        "repo": "treefmt-nix",
        "type": "github"
      }
    }
  },
  "root": "root",
  "version": 7
}
